
Microsoft Visual Studio Solution File, Format Version 12.00
# Visual Studio Version 17
VisualStudioVersion = 17.8.34330.188
MinimumVisualStudioVersion = 10.0.40219.1
Project("{9A19103F-16F7-4668-BE54-9A1E7A4F7556}") = "BulkyWeb", "BulkyWeb\BulkyWeb.csproj", "{47E54CFC-A4BD-4925-8596-99D74D495D50}"
EndProject
Project("{FAE04EC0-301F-11D3-BF4B-00C04F79EFBC}") = "BulkyWebRazor_Temp", "BulkyWebRazor_Temp\BulkyWebRazor_Temp.csproj", "{74080DA9-9001-4AEF-B20A-92569BDCDB10}"
EndProject
Global
	GlobalSection(SolutionConfigurationPlatforms) = preSolution
		Debug|Any CPU = Debug|Any CPU
		Release|Any CPU = Release|Any CPU
	EndGlobalSection
	GlobalSection(ProjectConfigurationPlatforms) = postSolution
		{47E54CFC-A4BD-4925-8596-99D74D495D50}.Debug|Any CPU.ActiveCfg = Debug|Any CPU
		{47E54CFC-A4BD-4925-8596-99D74D495D50}.Debug|Any CPU.Build.0 = Debug|Any CPU
		{47E54CFC-A4BD-4925-8596-99D74D495D50}.Release|Any CPU.ActiveCfg = Release|Any CPU
		{47E54CFC-A4BD-4925-8596-99D74D495D50}.Release|Any CPU.Build.0 = Release|Any CPU
		{74080DA9-9001-4AEF-B20A-92569BDCDB10}.Debug|Any CPU.ActiveCfg = Debug|Any CPU
		{74080DA9-9001-4AEF-B20A-92569BDCDB10}.Debug|Any CPU.Build.0 = Debug|Any CPU
		{74080DA9-9001-4AEF-B20A-92569BDCDB10}.Release|Any CPU.ActiveCfg = Release|Any CPU
		{74080DA9-9001-4AEF-B20A-92569BDCDB10}.Release|Any CPU.Build.0 = Release|Any CPU
	EndGlobalSection
	GlobalSection(SolutionProperties) = preSolution
		HideSolutionNode = FALSE
	EndGlobalSection
	GlobalSection(ExtensibilityGlobals) = postSolution
		SolutionGuid = {0D6DE383-44FF-454F-98E9-2F0422576508}
	EndGlobalSection
EndGlobal
